
Microsoft Visual Studio Solution File, Format Version 12.00
# Visual Studio Version 17
VisualStudioVersion = 17.4.33205.214
MinimumVisualStudioVersion = 10.0.40219.1
Project("{FAE04EC0-301F-11D3-BF4B-00C04F79EFBC}") = "MCCC Co.", "..\MCCC Co\MCCC Co\MCCC Co..csproj", "{8FDF086E-E554-4457-A347-EB1906E297F2}"
EndProject
Global
	GlobalSection(SolutionConfigurationPlatforms) = preSolution
		Debug|Any CPU = Debug|Any CPU
		Release|Any CPU = Release|Any CPU
	EndGlobalSection
	GlobalSection(ProjectConfigurationPlatforms) = postSolution
		{8FDF086E-E554-4457-A347-EB1906E297F2}.Debug|Any CPU.ActiveCfg = Debug|Any CPU
		{8FDF086E-E554-4457-A347-EB1906E297F2}.Debug|Any CPU.Build.0 = Debug|Any CPU
		{8FDF086E-E554-4457-A347-EB1906E297F2}.Release|Any CPU.ActiveCfg = Release|Any CPU
		{8FDF086E-E554-4457-A347-EB1906E297F2}.Release|Any CPU.Build.0 = Release|Any CPU
	EndGlobalSection
	GlobalSection(SolutionProperties) = preSolution
		HideSolutionNode = FALSE
	EndGlobalSection
	GlobalSection(ExtensibilityGlobals) = postSolution
		SolutionGuid = {8441E2FA-A864-4FED-B215-DE34D93C7136}
	EndGlobalSection
EndGlobal
